
Microsoft Visual Studio Solution File, Format Version 12.00
# Visual Studio 15
VisualStudioVersion = 15.0.28010.2046
MinimumVisualStudioVersion = 10.0.40219.1
Project("{FAE04EC0-301F-11D3-BF4B-00C04F79EFBC}") = "excersise 1", "excersise 1\excersise 1.csproj", "{2C4B2D22-74CB-4A3E-ADA2-23C3A2484A64}"
EndProject
Global
	GlobalSection(SolutionConfigurationPlatforms) = preSolution
		Debug|Any CPU = Debug|Any CPU
		Release|Any CPU = Release|Any CPU
	EndGlobalSection
	GlobalSection(ProjectConfigurationPlatforms) = postSolution
		{2C4B2D22-74CB-4A3E-ADA2-23C3A2484A64}.Debug|Any CPU.ActiveCfg = Debug|Any CPU
		{2C4B2D22-74CB-4A3E-ADA2-23C3A2484A64}.Debug|Any CPU.Build.0 = Debug|Any CPU
		{2C4B2D22-74CB-4A3E-ADA2-23C3A2484A64}.Release|Any CPU.ActiveCfg = Release|Any CPU
		{2C4B2D22-74CB-4A3E-ADA2-23C3A2484A64}.Release|Any CPU.Build.0 = Release|Any CPU
	EndGlobalSection
	GlobalSection(SolutionProperties) = preSolution
		HideSolutionNode = FALSE
	EndGlobalSection
	GlobalSection(ExtensibilityGlobals) = postSolution
		SolutionGuid = {11E72659-270F-488A-91EA-FBFFCF8AD0D7}
	EndGlobalSection
EndGlobal
